
Microsoft Visual Studio Solution File, Format Version 12.00
Project("{FAE04EC0-301F-11D3-BF4B-00C04F79EFBC}") = "Mint", "Mint\Mint.csproj", "{AA6C0A53-55F9-47BE-800C-3167DCAF4732}"
EndProject
Project("{FAE04EC0-301F-11D3-BF4B-00C04F79EFBC}") = "Mint.Units", "Mint.Units\Mint.Units.csproj", "{D9CE24EF-909F-4A1F-AC34-B625C5D160D7}"
EndProject
Project("{FAE04EC0-301F-11D3-BF4B-00C04F79EFBC}") = "LibBSP", "LibBSP\LibBSP\LibBSP.csproj", "{33E4FFCA-8D0B-4089-AFD2-527547531578}"
EndProject
Global
	GlobalSection(SolutionConfigurationPlatforms) = preSolution
		Debug|Any CPU = Debug|Any CPU
		Release|Any CPU = Release|Any CPU
	EndGlobalSection
	GlobalSection(ProjectConfigurationPlatforms) = postSolution
		{AA6C0A53-55F9-47BE-800C-3167DCAF4732}.Debug|Any CPU.ActiveCfg = Debug|Any CPU
		{AA6C0A53-55F9-47BE-800C-3167DCAF4732}.Debug|Any CPU.Build.0 = Debug|Any CPU
		{AA6C0A53-55F9-47BE-800C-3167DCAF4732}.Release|Any CPU.ActiveCfg = Release|Any CPU
		{AA6C0A53-55F9-47BE-800C-3167DCAF4732}.Release|Any CPU.Build.0 = Release|Any CPU
		{D9CE24EF-909F-4A1F-AC34-B625C5D160D7}.Debug|Any CPU.ActiveCfg = Debug|Any CPU
		{D9CE24EF-909F-4A1F-AC34-B625C5D160D7}.Debug|Any CPU.Build.0 = Debug|Any CPU
		{D9CE24EF-909F-4A1F-AC34-B625C5D160D7}.Release|Any CPU.ActiveCfg = Release|Any CPU
		{D9CE24EF-909F-4A1F-AC34-B625C5D160D7}.Release|Any CPU.Build.0 = Release|Any CPU
		{33E4FFCA-8D0B-4089-AFD2-527547531578}.Debug|Any CPU.ActiveCfg = Debug|Any CPU
		{33E4FFCA-8D0B-4089-AFD2-527547531578}.Debug|Any CPU.Build.0 = Debug|Any CPU
		{33E4FFCA-8D0B-4089-AFD2-527547531578}.Release|Any CPU.ActiveCfg = Release|Any CPU
		{33E4FFCA-8D0B-4089-AFD2-527547531578}.Release|Any CPU.Build.0 = Release|Any CPU
	EndGlobalSection
EndGlobal
